
Microsoft Visual Studio Solution File, Format Version 12.00
# Visual Studio Version 16
VisualStudioVersion = 16.0.30204.135
MinimumVisualStudioVersion = 10.0.40219.1
Project("{F184B08F-C81C-45F6-A57F-5ABD9991F28F}") = "Amazon Games Tiles", "Amazon Games Tiles\Amazon Games Tiles.vbproj", "{990623B4-8444-4FB9-81F4-6E529B9EED65}"
EndProject
Global
	GlobalSection(SolutionConfigurationPlatforms) = preSolution
		Debug|ARM = Debug|ARM
		Debug|ARM64 = Debug|ARM64
		Debug|x64 = Debug|x64
		Debug|x86 = Debug|x86
		Release|ARM = Release|ARM
		Release|ARM64 = Release|ARM64
		Release|x64 = Release|x64
		Release|x86 = Release|x86
	EndGlobalSection
	GlobalSection(ProjectConfigurationPlatforms) = postSolution
		{990623B4-8444-4FB9-81F4-6E529B9EED65}.Debug|ARM.ActiveCfg = Debug|ARM
		{990623B4-8444-4FB9-81F4-6E529B9EED65}.Debug|ARM.Build.0 = Debug|ARM
		{990623B4-8444-4FB9-81F4-6E529B9EED65}.Debug|ARM.Deploy.0 = Debug|ARM
		{990623B4-8444-4FB9-81F4-6E529B9EED65}.Debug|ARM64.ActiveCfg = Debug|ARM64
		{990623B4-8444-4FB9-81F4-6E529B9EED65}.Debug|ARM64.Build.0 = Debug|ARM64
		{990623B4-8444-4FB9-81F4-6E529B9EED65}.Debug|ARM64.Deploy.0 = Debug|ARM64
		{990623B4-8444-4FB9-81F4-6E529B9EED65}.Debug|x64.ActiveCfg = Debug|x64
		{990623B4-8444-4FB9-81F4-6E529B9EED65}.Debug|x64.Build.0 = Debug|x64
		{990623B4-8444-4FB9-81F4-6E529B9EED65}.Debug|x64.Deploy.0 = Debug|x64
		{990623B4-8444-4FB9-81F4-6E529B9EED65}.Debug|x86.ActiveCfg = Debug|x86
		{990623B4-8444-4FB9-81F4-6E529B9EED65}.Debug|x86.Build.0 = Debug|x86
		{990623B4-8444-4FB9-81F4-6E529B9EED65}.Debug|x86.Deploy.0 = Debug|x86
		{990623B4-8444-4FB9-81F4-6E529B9EED65}.Release|ARM.ActiveCfg = Release|ARM
		{990623B4-8444-4FB9-81F4-6E529B9EED65}.Release|ARM.Build.0 = Release|ARM
		{990623B4-8444-4FB9-81F4-6E529B9EED65}.Release|ARM.Deploy.0 = Release|ARM
		{990623B4-8444-4FB9-81F4-6E529B9EED65}.Release|ARM64.ActiveCfg = Release|ARM64
		{990623B4-8444-4FB9-81F4-6E529B9EED65}.Release|ARM64.Build.0 = Release|ARM64
		{990623B4-8444-4FB9-81F4-6E529B9EED65}.Release|ARM64.Deploy.0 = Release|ARM64
		{990623B4-8444-4FB9-81F4-6E529B9EED65}.Release|x64.ActiveCfg = Release|x64
		{990623B4-8444-4FB9-81F4-6E529B9EED65}.Release|x64.Build.0 = Release|x64
		{990623B4-8444-4FB9-81F4-6E529B9EED65}.Release|x64.Deploy.0 = Release|x64
		{990623B4-8444-4FB9-81F4-6E529B9EED65}.Release|x86.ActiveCfg = Release|x86
		{990623B4-8444-4FB9-81F4-6E529B9EED65}.Release|x86.Build.0 = Release|x86
		{990623B4-8444-4FB9-81F4-6E529B9EED65}.Release|x86.Deploy.0 = Release|x86
	EndGlobalSection
	GlobalSection(SolutionProperties) = preSolution
		HideSolutionNode = FALSE
	EndGlobalSection
	GlobalSection(ExtensibilityGlobals) = postSolution
		SolutionGuid = {3E268DA2-EEB2-4ED9-B273-879820D3AD1F}
	EndGlobalSection
EndGlobal
